
Microsoft Visual Studio Solution File, Format Version 12.00
# Visual Studio Version 17
VisualStudioVersion = 17.14.36518.9 d17.14
MinimumVisualStudioVersion = 10.0.40219.1
Project("{FAE04EC0-301F-11D3-BF4B-00C04F79EFBC}") = "ex7", "ex7\ex7.csproj", "{1B923A3C-4383-4ABD-AA8D-858664373A52}"
EndProject
Global
	GlobalSection(SolutionConfigurationPlatforms) = preSolution
		Debug|Any CPU = Debug|Any CPU
		Release|Any CPU = Release|Any CPU
	EndGlobalSection
	GlobalSection(ProjectConfigurationPlatforms) = postSolution
		{1B923A3C-4383-4ABD-AA8D-858664373A52}.Debug|Any CPU.ActiveCfg = Debug|Any CPU
		{1B923A3C-4383-4ABD-AA8D-858664373A52}.Debug|Any CPU.Build.0 = Debug|Any CPU
		{1B923A3C-4383-4ABD-AA8D-858664373A52}.Release|Any CPU.ActiveCfg = Release|Any CPU
		{1B923A3C-4383-4ABD-AA8D-858664373A52}.Release|Any CPU.Build.0 = Release|Any CPU
	EndGlobalSection
	GlobalSection(SolutionProperties) = preSolution
		HideSolutionNode = FALSE
	EndGlobalSection
	GlobalSection(ExtensibilityGlobals) = postSolution
		SolutionGuid = {85D8D73B-465C-42F2-9EA4-08E404B80228}
	EndGlobalSection
EndGlobal
