
Microsoft Visual Studio Solution File, Format Version 12.00
# Visual Studio Version 17
VisualStudioVersion = 17.14.36518.9 d17.14
MinimumVisualStudioVersion = 10.0.40219.1
Project("{FAE04EC0-301F-11D3-BF4B-00C04F79EFBC}") = "Linq Queries", "Linq Queries\Linq Queries.csproj", "{80527305-C9C0-402D-986B-EF18A175109F}"
EndProject
Global
	GlobalSection(SolutionConfigurationPlatforms) = preSolution
		Debug|Any CPU = Debug|Any CPU
		Release|Any CPU = Release|Any CPU
	EndGlobalSection
	GlobalSection(ProjectConfigurationPlatforms) = postSolution
		{80527305-C9C0-402D-986B-EF18A175109F}.Debug|Any CPU.ActiveCfg = Debug|Any CPU
		{80527305-C9C0-402D-986B-EF18A175109F}.Debug|Any CPU.Build.0 = Debug|Any CPU
		{80527305-C9C0-402D-986B-EF18A175109F}.Release|Any CPU.ActiveCfg = Release|Any CPU
		{80527305-C9C0-402D-986B-EF18A175109F}.Release|Any CPU.Build.0 = Release|Any CPU
	EndGlobalSection
	GlobalSection(SolutionProperties) = preSolution
		HideSolutionNode = FALSE
	EndGlobalSection
	GlobalSection(ExtensibilityGlobals) = postSolution
		SolutionGuid = {9C3F0C63-9015-46BA-B61A-7B35907EB358}
	EndGlobalSection
EndGlobal
